
Microsoft Visual Studio Solution File, Format Version 12.00
# Visual Studio 15
VisualStudioVersion = 15.0.28307.438
MinimumVisualStudioVersion = 10.0.40219.1
Project("{FAE04EC0-301F-11D3-BF4B-00C04F79EFBC}") = "Sanja", "Sanja\Sanja.csproj", "{53C00BE2-48EE-43C6-806F-416637BD0371}"
EndProject
Global
	GlobalSection(SolutionConfigurationPlatforms) = preSolution
		Debug|Any CPU = Debug|Any CPU
		Debug|x64 = Debug|x64
		Debug|x86 = Debug|x86
		Release|Any CPU = Release|Any CPU
		Release|x64 = Release|x64
		Release|x86 = Release|x86
	EndGlobalSection
	GlobalSection(ProjectConfigurationPlatforms) = postSolution
		{53C00BE2-48EE-43C6-806F-416637BD0371}.Debug|Any CPU.ActiveCfg = Debug|Any CPU
		{53C00BE2-48EE-43C6-806F-416637BD0371}.Debug|Any CPU.Build.0 = Debug|Any CPU
		{53C00BE2-48EE-43C6-806F-416637BD0371}.Debug|x64.ActiveCfg = Debug|x64
		{53C00BE2-48EE-43C6-806F-416637BD0371}.Debug|x64.Build.0 = Debug|x64
		{53C00BE2-48EE-43C6-806F-416637BD0371}.Debug|x86.ActiveCfg = Debug|x86
		{53C00BE2-48EE-43C6-806F-416637BD0371}.Debug|x86.Build.0 = Debug|x86
		{53C00BE2-48EE-43C6-806F-416637BD0371}.Release|Any CPU.ActiveCfg = Release|Any CPU
		{53C00BE2-48EE-43C6-806F-416637BD0371}.Release|Any CPU.Build.0 = Release|Any CPU
		{53C00BE2-48EE-43C6-806F-416637BD0371}.Release|x64.ActiveCfg = Release|x64
		{53C00BE2-48EE-43C6-806F-416637BD0371}.Release|x64.Build.0 = Release|x64
		{53C00BE2-48EE-43C6-806F-416637BD0371}.Release|x86.ActiveCfg = Release|x86
		{53C00BE2-48EE-43C6-806F-416637BD0371}.Release|x86.Build.0 = Release|x86
	EndGlobalSection
	GlobalSection(SolutionProperties) = preSolution
		HideSolutionNode = FALSE
	EndGlobalSection
	GlobalSection(ExtensibilityGlobals) = postSolution
		SolutionGuid = {B94F43DE-919A-44B1-824F-51C992BD88CF}
	EndGlobalSection
EndGlobal
